// !$*UTF8*$!
{
	archiveVersion = 1;
	classes = {
	};
	objectVersion = 50;
	objects = {

/* Begin PBXBuildFile section */
		3A3CFE00A43305C9AFA832D8 /* Pods_HelloFirebase01.framework in Frameworks */ = {isa = PBXBuildFile; fileRef = 18CEF87EFB1731ECC9463C0B /* Pods_HelloFirebase01.framework */; };
		6561041D23A47CD50078EE65 /* AppDelegate.swift in Sources */ = {isa = PBXBuildFile; fileRef = 6561041C23A47CD50078EE65 /* AppDelegate.swift */; };
		6561041F23A47CD50078EE65 /* SceneDelegate.swift in Sources */ = {isa = PBXBuildFile; fileRef = 6561041E23A47CD50078EE65 /* SceneDelegate.swift */; };
		6561042123A47CD50078EE65 /* ViewController.swift in Sources */ = {isa = PBXBuildFile; fileRef = 6561042023A47CD50078EE65 /* ViewController.swift */; };
		6561042423A47CD50078EE65 /* Main.storyboard in Resources */ = {isa = PBXBuildFile; fileRef = 6561042223A47CD50078EE65 /* Main.storyboard */; };
		6561042623A47CD60078EE65 /* Assets.xcassets in Resources */ = {isa = PBXBuildFile; fileRef = 6561042523A47CD60078EE65 /* Assets.xcassets */; };
		6561042923A47CD60078EE65 /* LaunchScreen.storyboard in Resources */ = {isa = PBXBuildFile; fileRef = 6561042723A47CD60078EE65 /* LaunchScreen.storyboard */; };
		6561043123A47DF70078EE65 /* GoogleService-Info.plist in Resources */ = {isa = PBXBuildFile; fileRef = 6561043023A47DF70078EE65 /* GoogleService-Info.plist */; };
/* End PBXBuildFile section */

/* Begin PBXFileReference section */
		18CEF87EFB1731ECC9463C0B /* Pods_HelloFirebase01.framework */ = {isa = PBXFileReference; explicitFileType = wrapper.framework; includeInIndex = 0; path = Pods_HelloFirebase01.framework; sourceTree = BUILT_PRODUCTS_DIR; };
		6561041923A47CD40078EE65 /* HelloFirebase01.app */ = {isa = PBXFileReference; explicitFileType = wrapper.application; includeInIndex = 0; path = HelloFirebase01.app; sourceTree = BUILT_PRODUCTS_DIR; };
		6561041C23A47CD50078EE65 /* AppDelegate.swift */ = {isa = PBXFileReference; lastKnownFileType = sourcecode.swift; path = AppDelegate.swift; sourceTree = "<group>"; };
		6561041E23A47CD50078EE65 /* SceneDelegate.swift */ = {isa = PBXFileReference; lastKnownFileType = sourcecode.swift; path = SceneDelegate.swift; sourceTree = "<group>"; };
		6561042023A47CD50078EE65 /* ViewController.swift */ = {isa = PBXFileReference; lastKnownFileType = sourcecode.swift; path = ViewController.swift; sourceTree = "<group>"; };
		6561042323A47CD50078EE65 /* Base */ = {isa = PBXFileReference; lastKnownFileType = file.storyboard; name = Base; path = Base.lproj/Main.storyboard; sourceTree = "<group>"; };
		6561042523A47CD60078EE65 /* Assets.xcassets */ = {isa = PBXFileReference; lastKnownFileType = folder.assetcatalog; path = Assets.xcassets; sourceTree = "<group>"; };
		6561042823A47CD60078EE65 /* Base */ = {isa = PBXFileReference; lastKnownFileType = file.storyboard; name = Base; path = Base.lproj/LaunchScreen.storyboard; sourceTree = "<group>"; };
		6561042A23A47CD60078EE65 /* Info.plist */ = {isa = PBXFileReference; lastKnownFileType = text.plist.xml; path = Info.plist; sourceTree = "<group>"; };
		6561043023A47DF70078EE65 /* GoogleService-Info.plist */ = {isa = PBXFileReference; fileEncoding = 4; lastKnownFileType = text.plist.xml; path = "GoogleService-Info.plist"; sourceTree = "<group>"; };
		8EB465F8CF6FC9424DB6F678 /* Pods-HelloFirebase01.release.xcconfig */ = {isa = PBXFileReference; includeInIndex = 1; lastKnownFileType = text.xcconfig; name = "Pods-HelloFirebase01.release.xcconfig"; path = "Target Support Files/Pods-HelloFirebase01/Pods-HelloFirebase01.release.xcconfig"; sourceTree = "<group>"; };
		A1D6FCE7D571DFFEE036B6BC /* Pods-HelloFirebase01.debug.xcconfig */ = {isa = PBXFileReference; includeInIndex = 1; lastKnownFileType = text.xcconfig; name = "Pods-HelloFirebase01.debug.xcconfig"; path = "Target Support Files/Pods-HelloFirebase01/Pods-HelloFirebase01.debug.xcconfig"; sourceTree = "<group>"; };
/* End PBXFileReference section */

/* Begin PBXFrameworksBuildPhase section */
		6561041623A47CD40078EE65 /* Frameworks */ = {
			isa = PBXFrameworksBuildPhase;
			buildActionMask = 2147483647;
			files = (
				3A3CFE00A43305C9AFA832D8 /* Pods_HelloFirebase01.framework in Frameworks */,
			);
			runOnlyForDeploymentPostprocessing = 0;
		};
/* End PBXFrameworksBuildPhase section */

/* Begin PBXGroup section */
		472AE7DFEBBC8AE7A6578A85 /* Pods */ = {
			isa = PBXGroup;
			children = (
				A1D6FCE7D571DFFEE036B6BC /* Pods-HelloFirebase01.debug.xcconfig */,
				8EB465F8CF6FC9424DB6F678 /* Pods-HelloFirebase01.release.xcconfig */,
			);
			name = Pods;
			path = Pods;
			sourceTree = "<group>";
		};
		6561041023A47CD40078EE65 = {
			isa = PBXGroup;
			children = (
				6561041B23A47CD40078EE65 /* HelloFirebase01 */,
				6561041A23A47CD40078EE65 /* Products */,
				472AE7DFEBBC8AE7A6578A85 /* Pods */,
				ADAAA285058FC559B652E75A /* Frameworks */,
			);
			sourceTree = "<group>";
		};
		6561041A23A47CD40078EE65 /* Products */ = {
			isa = PBXGroup;
			children = (
				6561041923A47CD40078EE65 /* HelloFirebase01.app */,
			);
			name = Products;
			sourceTree = "<group>";
		};
		6561041B23A47CD40078EE65 /* HelloFirebase01 */ = {
			isa = PBXGroup;
			children = (
				6561043023A47DF70078EE65 /* GoogleService-Info.plist */,
				6561041C23A47CD50078EE65 /* AppDelegate.swift */,
				6561041E23A47CD50078EE65 /* SceneDelegate.swift */,
				6561042023A47CD50078EE65 /* ViewController.swift */,
				6561042223A47CD50078EE65 /* Main.storyboard */,
				6561042523A47CD60078EE65 /* Assets.xcassets */,
				6561042723A47CD60078EE65 /* LaunchScreen.storyboard */,
				6561042A23A47CD60078EE65 /* Info.plist */,
			);
			path = HelloFirebase01;
			sourceTree = "<group>";
		};
		ADAAA285058FC559B652E75A /* Frameworks */ = {
			isa = PBXGroup;
			children = (
				18CEF87EFB1731ECC9463C0B /* Pods_HelloFirebase01.framework */,
			);
			name = Frameworks;
			sourceTree = "<group>";
		};
/* End PBXGroup section */

/* Begin PBXNativeTarget section */
		6561041823A47CD40078EE65 /* HelloFirebase01 */ = {
			isa = PBXNativeTarget;
			buildConfigurationList = 6561042D23A47CD60078EE65 /* Build configuration list for PBXNativeTarget "HelloFirebase01" */;
			buildPhases = (
				2F98700BD42DF8464BF0E8A0 /* [CP] Check Pods Manifest.lock */,
				6561041523A47CD40078EE65 /* Sources */,
				6561041623A47CD40078EE65 /* Frameworks */,
				6561041723A47CD40078EE65 /* Resources */,
				9E910AA7D2CECC41736D90C8 /* [CP] Embed Pods Frameworks */,
			);
			buildRules = (
			);
			dependencies = (
			);
			name = HelloFirebase01;
			productName = HelloFirebase01;
			productReference = 6561041923A47CD40078EE65 /* HelloFirebase01.app */;
			productType = "com.apple.product-type.application";
		};
/* End PBXNativeTarget section */

/* Begin PBXProject section */
		6561041123A47CD40078EE65 /* Project object */ = {
			isa = PBXProject;
			attributes = {
				LastSwiftUpdateCheck = 1110;
				LastUpgradeCheck = 1110;
				ORGANIZATIONNAME = grace;
				TargetAttributes = {
					6561041823A47CD40078EE65 = {
						CreatedOnToolsVersion = 11.1;
					};
				};
			};
			buildConfigurationList = 6561041423A47CD40078EE65 /* Build configuration list for PBXProject "HelloFirebase01" */;
			compatibilityVersion = "Xcode 9.3";
			developmentRegion = en;
			hasScannedForEncodings = 0;
			knownRegions = (
				en,
				Base,
			);
			mainGroup = 6561041023A47CD40078EE65;
			productRefGroup = 6561041A23A47CD40078EE65 /* Products */;
			projectDirPath = "";
			projectRoot = "";
			targets = (
				6561041823A47CD40078EE65 /* HelloFirebase01 */,
			);
		};
/* End PBXProject section */

/* Begin PBXResourcesBuildPhase section */
		6561041723A47CD40078EE65 /* Resources */ = {
			isa = PBXResourcesBuildPhase;
			buildActionMask = 2147483647;
			files = (
				6561042923A47CD60078EE65 /* LaunchScreen.storyboard in Resources */,
				6561043123A47DF70078EE65 /* GoogleService-Info.plist in Resources */,
				6561042623A47CD60078EE65 /* Assets.xcassets in Resources */,
				6561042423A47CD50078EE65 /* Main.storyboard in Resources */,
			);
			runOnlyForDeploymentPostprocessing = 0;
		};
/* End PBXResourcesBuildPhase section */

/* Begin PBXShellScriptBuildPhase section */
		2F98700BD42DF8464BF0E8A0 /* [CP] Check Pods Manifest.lock */ = {
			isa = PBXShellScriptBuildPhase;
			buildActionMask = 2147483647;
			files = (
			);
			inputFileListPaths = (
			);
			inputPaths = (
				"${PODS_PODFILE_DIR_PATH}/Podfile.lock",
				"${PODS_ROOT}/Manifest.lock",
			);
			name = "[CP] Check Pods Manifest.lock";
			outputFileListPaths = (
			);
			outputPaths = (
				"$(DERIVED_FILE_DIR)/Pods-HelloFirebase01-checkManifestLockResult.txt",
			);
			runOnlyForDeploymentPostprocessing = 0;
			shellPath = /bin/sh;
			shellScript = "diff \"${PODS_PODFILE_DIR_PATH}/Podfile.lock\" \"${PODS_ROOT}/Manifest.lock\" > /dev/null\nif [ $? != 0 ] ; then\n    # print error to STDERR\n    echo \"error: The sandbox is not in sync with the Podfile.lock. Run 'pod install' or update your CocoaPods installation.\" >&2\n    exit 1\nfi\n# This output is used by Xcode 'outputs' to avoid re-running this script phase.\necho \"SUCCESS\" > \"${SCRIPT_OUTPUT_FILE_0}\"\n";
			showEnvVarsInLog = 0;
		};
		9E910AA7D2CECC41736D90C8 /* [CP] Embed Pods Frameworks */ = {
			isa = PBXShellScriptBuildPhase;
			buildActionMask = 2147483647;
			files = (
			);
			inputFileListPaths = (
				"${PODS_ROOT}/Target Support Files/Pods-HelloFirebase01/Pods-HelloFirebase01-frameworks-${CONFIGURATION}-input-files.xcfilelist",
			);
			name = "[CP] Embed Pods Frameworks";
			outputFileListPaths = (
				"${PODS_ROOT}/Target Support Files/Pods-HelloFirebase01/Pods-HelloFirebase01-frameworks-${CONFIGURATION}-output-files.xcfilelist",
			);
			runOnlyForDeploymentPostprocessing = 0;
			shellPath = /bin/sh;
			shellScript = "\"${PODS_ROOT}/Target Support Files/Pods-HelloFirebase01/Pods-HelloFirebase01-frameworks.sh\"\n";
			showEnvVarsInLog = 0;
		};
/* End PBXShellScriptBuildPhase section */

/* Begin PBXSourcesBuildPhase section */
		6561041523A47CD40078EE65 /* Sources */ = {
			isa = PBXSourcesBuildPhase;
			buildActionMask = 2147483647;
			files = (
				6561042123A47CD50078EE65 /* ViewController.swift in Sources */,
				6561041D23A47CD50078EE65 /* AppDelegate.swift in Sources */,
				6561041F23A47CD50078EE65 /* SceneDelegate.swift in Sources */,
			);
			runOnlyForDeploymentPostprocessing = 0;
		};
/* End PBXSourcesBuildPhase section */

/* Begin PBXVariantGroup section */
		6561042223A47CD50078EE65 /* Main.storyboard */ = {
			isa = PBXVariantGroup;
			children = (
				6561042323A47CD50078EE65 /* Base */,
			);
			name = Main.storyboard;
			sourceTree = "<group>";
		};
		6561042723A47CD60078EE65 /* LaunchScreen.storyboard */ = {
			isa = PBXVariantGroup;
			children = (
				6561042823A47CD60078EE65 /* Base */,
			);
			name = LaunchScreen.storyboard;
			sourceTree = "<group>";
		};
/* End PBXVariantGroup section */

/* Begin XCBuildConfiguration section */
		6561042B23A47CD60078EE65 /* Debug */ = {
			isa = XCBuildConfiguration;
			buildSettings = {
				ALWAYS_SEARCH_USER_PATHS = NO;
				CLANG_ANALYZER_NONNULL = YES;
				CLANG_ANALYZER_NUMBER_OBJECT_CONVERSION = YES_AGGRESSIVE;
				CLANG_CXX_LANGUAGE_STANDARD = "gnu++14";
				CLANG_CXX_LIBRARY = "libc++";
				CLANG_ENABLE_MODULES = YES;
				CLANG_ENABLE_OBJC_ARC = YES;
				CLANG_ENABLE_OBJC_WEAK = YES;
				CLANG_WARN_BLOCK_CAPTURE_AUTORELEASING = YES;
				CLANG_WARN_BOOL_CONVERSION = YES;
				CLANG_WARN_COMMA = YES;
				CLANG_WARN_CONSTANT_CONVERSION = YES;
				CLANG_WARN_DEPRECATED_OBJC_IMPLEMENTATIONS = YES;
				CLANG_WARN_DIRECT_OBJC_ISA_USAGE = YES_ERROR;
				CLANG_WARN_DOCUMENTATION_COMMENTS = YES;
				CLANG_WARN_EMPTY_BODY = YES;
				CLANG_WARN_ENUM_CONVERSION = YES;
				CLANG_WARN_INFINITE_RECURSION = YES;
				CLANG_WARN_INT_CONVERSION = YES;
				CLANG_WARN_NON_LITERAL_NULL_CONVERSION = YES;
				CLANG_WARN_OBJC_IMPLICIT_RETAIN_SELF = YES;
				CLANG_WARN_OBJC_LITERAL_CONVERSION = YES;
				CLANG_WARN_OBJC_ROOT_CLASS = YES_ERROR;
				CLANG_WARN_RANGE_LOOP_ANALYSIS = YES;
				CLANG_WARN_STRICT_PROTOTYPES = YES;
				CLANG_WARN_SUSPICIOUS_MOVE = YES;
				CLANG_WARN_UNGUARDED_AVAILABILITY = YES_AGGRESSIVE;
				CLANG_WARN_UNREACHABLE_CODE = YES;
				CLANG_WARN__DUPLICATE_METHOD_MATCH = YES;
				COPY_PHASE_STRIP = NO;
				DEBUG_INFORMATION_FORMAT = dwarf;
				ENABLE_STRICT_OBJC_MSGSEND = YES;
				ENABLE_TESTABILITY = YES;
				GCC_C_LANGUAGE_STANDARD = gnu11;
				GCC_DYNAMIC_NO_PIC = NO;
				GCC_NO_COMMON_BLOCKS = YES;
				GCC_OPTIMIZATION_LEVEL = 0;
				GCC_PREPROCESSOR_DEFINITIONS = (
					"DEBUG=1",
					"$(inherited)",
				);
				GCC_WARN_64_TO_32_BIT_CONVERSION = YES;
				GCC_WARN_ABOUT_RETURN_TYPE = YES_ERROR;
				GCC_WARN_UNDECLARED_SELECTOR = YES;
				GCC_WARN_UNINITIALIZED_AUTOS = YES_AGGRESSIVE;
				GCC_WARN_UNUSED_FUNCTION = YES;
				GCC_WARN_UNUSED_VARIABLE = YES;
				IPHONEOS_DEPLOYMENT_TARGET = 13.1;
				MTL_ENABLE_DEBUG_INFO = INCLUDE_SOURCE;
				MTL_FAST_MATH = YES;
				ONLY_ACTIVE_ARCH = YES;
				SDKROOT = iphoneos;
				SWIFT_ACTIVE_COMPILATION_CONDITIONS = DEBUG;
				SWIFT_OPTIMIZATION_LEVEL = "-Onone";
			};
			name = Debug;
		};
		6561042C23A47CD60078EE65 /* Release */ = {
			isa = XCBuildConfiguration;
			buildSettings = {
				ALWAYS_SEARCH_USER_PATHS = NO;
				CLANG_ANALYZER_NONNULL = YES;
				CLANG_ANALYZER_NUMBER_OBJECT_CONVERSION = YES_AGGRESSIVE;
				CLANG_CXX_LANGUAGE_STANDARD = "gnu++14";
				CLANG_CXX_LIBRARY = "libc++";
				CLANG_ENABLE_MODULES = YES;
				CLANG_ENABLE_OBJC_ARC = YES;
				CLANG_ENABLE_OBJC_WEAK = YES;
				CLANG_WARN_BLOCK_CAPTURE_AUTORELEASING = YES;
				CLANG_WARN_BOOL_CONVERSION = YES;
				CLANG_WARN_COMMA = YES;
				CLANG_WARN_CONSTANT_CONVERSION = YES;
				CLANG_WARN_DEPRECATED_OBJC_IMPLEMENTATIONS = YES;
				CLANG_WARN_DIRECT_OBJC_ISA_USAGE = YES_ERROR;
				CLANG_WARN_DOCUMENTATION_COMMENTS = YES;
				CLANG_WARN_EMPTY_BODY = YES;
				CLANG_WARN_ENUM_CONVERSION = YES;
				CLANG_WARN_INFINITE_RECURSION = YES;
				CLANG_WARN_INT_CONVERSION = YES;
				CLANG_WARN_NON_LITERAL_NULL_CONVERSION = YES;
				CLANG_WARN_OBJC_IMPLICIT_RETAIN_SELF = YES;
				CLANG_WARN_OBJC_LITERAL_CONVERSION = YES;
				CLANG_WARN_OBJC_ROOT_CLASS = YES_ERROR;
				CLANG_WARN_RANGE_LOOP_ANALYSIS = YES;
				CLANG_WARN_STRICT_PROTOTYPES = YES;
				CLANG_WARN_SUSPICIOUS_MOVE = YES;
				CLANG_WARN_UNGUARDED_AVAILABILITY = YES_AGGRESSIVE;
				CLANG_WARN_UNREACHABLE_CODE = YES;
				CLANG_WARN__DUPLICATE_METHOD_MATCH = YES;
				COPY_PHASE_STRIP = NO;
				DEBUG_INFORMATION_FORMAT = "dwarf-with-dsym";
				ENABLE_NS_ASSERTIONS = NO;
				ENABLE_STRICT_OBJC_MSGSEND = YES;
				GCC_C_LANGUAGE_STANDARD = gnu11;
				GCC_NO_COMMON_BLOCKS = YES;
				GCC_WARN_64_TO_32_BIT_CONVERSION = YES;
				GCC_WARN_ABOUT_RETURN_TYPE = YES_ERROR;
				GCC_WARN_UNDECLARED_SELECTOR = YES;
				GCC_WARN_UNINITIALIZED_AUTOS = YES_AGGRESSIVE;
				GCC_WARN_UNUSED_FUNCTION = YES;
				GCC_WARN_UNUSED_VARIABLE = YES;
				IPHONEOS_DEPLOYMENT_TARGET = 13.1;
				MTL_ENABLE_DEBUG_INFO = NO;
				MTL_FAST_MATH = YES;
				SDKROOT = iphoneos;
				SWIFT_COMPILATION_MODE = wholemodule;
				SWIFT_OPTIMIZATION_LEVEL = "-O";
				VALIDATE_PRODUCT = YES;
			};
			name = Release;
		};
		6561042E23A47CD60078EE65 /* Debug */ = {
			isa = XCBuildConfiguration;
			baseConfigurationReference = A1D6FCE7D571DFFEE036B6BC /* Pods-HelloFirebase01.debug.xcconfig */;
			buildSettings = {
				ASSETCATALOG_COMPILER_APPICON_NAME = AppIcon;
				CODE_SIGN_STYLE = Automatic;
				DEVELOPMENT_TEAM = QGUDE94G9E;
				INFOPLIST_FILE = HelloFirebase01/Info.plist;
				LD_RUNPATH_SEARCH_PATHS = (
					"$(inherited)",
					"@executable_path/Frameworks",
				);
				PRODUCT_BUNDLE_IDENTIFIER = myyhhuang.com.HelloFirebase01;
				PRODUCT_NAME = "$(TARGET_NAME)";
				SWIFT_VERSION = 5.0;
				TARGETED_DEVICE_FAMILY = "1,2";
			};
			name = Debug;
		};
		6561042F23A47CD60078EE65 /* Release */ = {
			isa = XCBuildConfiguration;
			baseConfigurationReference = 8EB465F8CF6FC9424DB6F678 /* Pods-HelloFirebase01.release.xcconfig */;
			buildSettings = {
				ASSETCATALOG_COMPILER_APPICON_NAME = AppIcon;
				CODE_SIGN_STYLE = Automatic;
				DEVELOPMENT_TEAM = QGUDE94G9E;
				INFOPLIST_FILE = HelloFirebase01/Info.plist;
				LD_RUNPATH_SEARCH_PATHS = (
					"$(inherited)",
					"@executable_path/Frameworks",
				);
				PRODUCT_BUNDLE_IDENTIFIER = myyhhuang.com.HelloFirebase01;
				PRODUCT_NAME = "$(TARGET_NAME)";
				SWIFT_VERSION = 5.0;
				TARGETED_DEVICE_FAMILY = "1,2";
			};
			name = Release;
		};
/* End XCBuildConfiguration section */

/* Begin XCConfigurationList section */
		6561041423A47CD40078EE65 /* Build configuration list for PBXProject "HelloFirebase01" */ = {
			isa = XCConfigurationList;
			buildConfigurations = (
				6561042B23A47CD60078EE65 /* Debug */,
				6561042C23A47CD60078EE65 /* Release */,
			);
			defaultConfigurationIsVisible = 0;
			defaultConfigurationName = Release;
		};
		6561042D23A47CD60078EE65 /* Build configuration list for PBXNativeTarget "HelloFirebase01" */ = {
			isa = XCConfigurationList;
			buildConfigurations = (
				6561042E23A47CD60078EE65 /* Debug */,
				6561042F23A47CD60078EE65 /* Release */,
			);
			defaultConfigurationIsVisible = 0;
			defaultConfigurationName = Release;
		};
/* End XCConfigurationList section */
	};
	rootObject = 6561041123A47CD40078EE65 /* Project object */;
}
